
Microsoft Visual Studio Solution File, Format Version 12.00
# Visual Studio Version 17
VisualStudioVersion = 17.11.35312.102
MinimumVisualStudioVersion = 10.0.40219.1
Project("{FAE04EC0-301F-11D3-BF4B-00C04F79EFBC}") = "01_Giris", "01_Giris\01_Giris.csproj", "{2671E37E-BA12-4C48-8547-A257B1065C7C}"
EndProject
Project("{FAE04EC0-301F-11D3-BF4B-00C04F79EFBC}") = "02_Variables", "02_Variables\02_Variables.csproj", "{5B4F6715-3072-4123-9448-E1DB20E2A5EA}"
EndProject
Project("{FAE04EC0-301F-11D3-BF4B-00C04F79EFBC}") = "03_KararYapilari", "03_KararYapilari\03_KararYapilari.csproj", "{A389E4C3-8D72-4C01-8AC2-7352142D9C50}"
EndProject
Project("{FAE04EC0-301F-11D3-BF4B-00C04F79EFBC}") = "04_Loops", "04_Loops\04_Loops.csproj", "{999653F5-78B2-4B3B-82B2-1314844B3677}"
EndProject
Project("{FAE04EC0-301F-11D3-BF4B-00C04F79EFBC}") = "05_LoosWithStars", "05_LoosWithStars\05_LoosWithStars.csproj", "{59E6255A-E594-419C-A30D-D6B5B37E1DFC}"
EndProject
Project("{FAE04EC0-301F-11D3-BF4B-00C04F79EFBC}") = "06_Arrays", "06_Arrays\06_Arrays.csproj", "{889E2EE7-E19C-4C71-A42A-610C859E4F51}"
EndProject
Project("{FAE04EC0-301F-11D3-BF4B-00C04F79EFBC}") = "07_ForeachLoops", "07_ForeachLoops\07_ForeachLoops.csproj", "{E44CB1E4-7BDF-4C6D-807F-E52C1D1FC5DE}"
EndProject
Global
	GlobalSection(SolutionConfigurationPlatforms) = preSolution
		Debug|Any CPU = Debug|Any CPU
		Release|Any CPU = Release|Any CPU
	EndGlobalSection
	GlobalSection(ProjectConfigurationPlatforms) = postSolution
		{2671E37E-BA12-4C48-8547-A257B1065C7C}.Debug|Any CPU.ActiveCfg = Debug|Any CPU
		{2671E37E-BA12-4C48-8547-A257B1065C7C}.Debug|Any CPU.Build.0 = Debug|Any CPU
		{2671E37E-BA12-4C48-8547-A257B1065C7C}.Release|Any CPU.ActiveCfg = Release|Any CPU
		{2671E37E-BA12-4C48-8547-A257B1065C7C}.Release|Any CPU.Build.0 = Release|Any CPU
		{5B4F6715-3072-4123-9448-E1DB20E2A5EA}.Debug|Any CPU.ActiveCfg = Debug|Any CPU
		{5B4F6715-3072-4123-9448-E1DB20E2A5EA}.Debug|Any CPU.Build.0 = Debug|Any CPU
		{5B4F6715-3072-4123-9448-E1DB20E2A5EA}.Release|Any CPU.ActiveCfg = Release|Any CPU
		{5B4F6715-3072-4123-9448-E1DB20E2A5EA}.Release|Any CPU.Build.0 = Release|Any CPU
		{A389E4C3-8D72-4C01-8AC2-7352142D9C50}.Debug|Any CPU.ActiveCfg = Debug|Any CPU
		{A389E4C3-8D72-4C01-8AC2-7352142D9C50}.Debug|Any CPU.Build.0 = Debug|Any CPU
		{A389E4C3-8D72-4C01-8AC2-7352142D9C50}.Release|Any CPU.ActiveCfg = Release|Any CPU
		{A389E4C3-8D72-4C01-8AC2-7352142D9C50}.Release|Any CPU.Build.0 = Release|Any CPU
		{999653F5-78B2-4B3B-82B2-1314844B3677}.Debug|Any CPU.ActiveCfg = Debug|Any CPU
		{999653F5-78B2-4B3B-82B2-1314844B3677}.Debug|Any CPU.Build.0 = Debug|Any CPU
		{999653F5-78B2-4B3B-82B2-1314844B3677}.Release|Any CPU.ActiveCfg = Release|Any CPU
		{999653F5-78B2-4B3B-82B2-1314844B3677}.Release|Any CPU.Build.0 = Release|Any CPU
		{59E6255A-E594-419C-A30D-D6B5B37E1DFC}.Debug|Any CPU.ActiveCfg = Debug|Any CPU
		{59E6255A-E594-419C-A30D-D6B5B37E1DFC}.Debug|Any CPU.Build.0 = Debug|Any CPU
		{59E6255A-E594-419C-A30D-D6B5B37E1DFC}.Release|Any CPU.ActiveCfg = Release|Any CPU
		{59E6255A-E594-419C-A30D-D6B5B37E1DFC}.Release|Any CPU.Build.0 = Release|Any CPU
		{889E2EE7-E19C-4C71-A42A-610C859E4F51}.Debug|Any CPU.ActiveCfg = Debug|Any CPU
		{889E2EE7-E19C-4C71-A42A-610C859E4F51}.Debug|Any CPU.Build.0 = Debug|Any CPU
		{889E2EE7-E19C-4C71-A42A-610C859E4F51}.Release|Any CPU.ActiveCfg = Release|Any CPU
		{889E2EE7-E19C-4C71-A42A-610C859E4F51}.Release|Any CPU.Build.0 = Release|Any CPU
		{E44CB1E4-7BDF-4C6D-807F-E52C1D1FC5DE}.Debug|Any CPU.ActiveCfg = Debug|Any CPU
		{E44CB1E4-7BDF-4C6D-807F-E52C1D1FC5DE}.Debug|Any CPU.Build.0 = Debug|Any CPU
		{E44CB1E4-7BDF-4C6D-807F-E52C1D1FC5DE}.Release|Any CPU.ActiveCfg = Release|Any CPU
		{E44CB1E4-7BDF-4C6D-807F-E52C1D1FC5DE}.Release|Any CPU.Build.0 = Release|Any CPU
	EndGlobalSection
	GlobalSection(SolutionProperties) = preSolution
		HideSolutionNode = FALSE
	EndGlobalSection
	GlobalSection(ExtensibilityGlobals) = postSolution
		SolutionGuid = {F0B8B5B5-8778-43A0-B380-99B6FFB24598}
	EndGlobalSection
EndGlobal
